
Microsoft Visual Studio Solution File, Format Version 12.00
# Visual Studio 15
VisualStudioVersion = 15.0.28010.2046
MinimumVisualStudioVersion = 10.0.40219.1
Project("{FAE04EC0-301F-11D3-BF4B-00C04F79EFBC}") = "Old.JobLogger.Console", "Old.JobLoggerConsole\Old.JobLogger.Console.csproj", "{6B96D874-FA95-40FB-9E70-623934CF459C}"
EndProject
Project("{FAE04EC0-301F-11D3-BF4B-00C04F79EFBC}") = "Api.JobLogger", "Api.JobLogger\Api.JobLogger.csproj", "{CD17AF53-3A75-47A2-B574-34CC3B3CCCD1}"
EndProject
Project("{FAE04EC0-301F-11D3-BF4B-00C04F79EFBC}") = "Api.JobLogger.Tests", "Api.JobLogger.Tests\Api.JobLogger.Tests.csproj", "{2EAE500A-6D94-492D-9ECB-5B4CAB6DDD1B}"
EndProject
Global
	GlobalSection(SolutionConfigurationPlatforms) = preSolution
		Debug|Any CPU = Debug|Any CPU
		Release|Any CPU = Release|Any CPU
	EndGlobalSection
	GlobalSection(ProjectConfigurationPlatforms) = postSolution
		{6B96D874-FA95-40FB-9E70-623934CF459C}.Debug|Any CPU.ActiveCfg = Debug|Any CPU
		{6B96D874-FA95-40FB-9E70-623934CF459C}.Debug|Any CPU.Build.0 = Debug|Any CPU
		{6B96D874-FA95-40FB-9E70-623934CF459C}.Release|Any CPU.ActiveCfg = Release|Any CPU
		{6B96D874-FA95-40FB-9E70-623934CF459C}.Release|Any CPU.Build.0 = Release|Any CPU
		{CD17AF53-3A75-47A2-B574-34CC3B3CCCD1}.Debug|Any CPU.ActiveCfg = Debug|Any CPU
		{CD17AF53-3A75-47A2-B574-34CC3B3CCCD1}.Debug|Any CPU.Build.0 = Debug|Any CPU
		{CD17AF53-3A75-47A2-B574-34CC3B3CCCD1}.Release|Any CPU.ActiveCfg = Release|Any CPU
		{CD17AF53-3A75-47A2-B574-34CC3B3CCCD1}.Release|Any CPU.Build.0 = Release|Any CPU
		{2EAE500A-6D94-492D-9ECB-5B4CAB6DDD1B}.Debug|Any CPU.ActiveCfg = Debug|Any CPU
		{2EAE500A-6D94-492D-9ECB-5B4CAB6DDD1B}.Debug|Any CPU.Build.0 = Debug|Any CPU
		{2EAE500A-6D94-492D-9ECB-5B4CAB6DDD1B}.Release|Any CPU.ActiveCfg = Release|Any CPU
		{2EAE500A-6D94-492D-9ECB-5B4CAB6DDD1B}.Release|Any CPU.Build.0 = Release|Any CPU
	EndGlobalSection
	GlobalSection(SolutionProperties) = preSolution
		HideSolutionNode = FALSE
	EndGlobalSection
	GlobalSection(ExtensibilityGlobals) = postSolution
		SolutionGuid = {61003DDA-FD0C-43F7-8096-6ADA2FD15447}
	EndGlobalSection
EndGlobal
